
Microsoft Visual Studio Solution File, Format Version 12.00
# Visual Studio Version 17
VisualStudioVersion = 17.0.32112.339
MinimumVisualStudioVersion = 10.0.40219.1
Project("{9A19103F-16F7-4668-BE54-9A1E7A4F7556}") = "Style_DataContext_Binding.OpenSilver", "Style_DataContext_Binding\Style_DataContext_Binding.OpenSilver.csproj", "{33100C94-4639-4AEC-B6D9-F289C559BBA2}"
EndProject
Project("{9A19103F-16F7-4668-BE54-9A1E7A4F7556}") = "Style_DataContext_Binding.Browser", "Style_DataContext_Binding.Browser\Style_DataContext_Binding.Browser.csproj", "{EAE96C4F-3813-4339-AD5B-D4676382ABFB}"
EndProject
Project("{9A19103F-16F7-4668-BE54-9A1E7A4F7556}") = "Style_DataContext_Binding.Simulator", "Style_DataContext_Binding.Simulator\Style_DataContext_Binding.Simulator.csproj", "{A89D1C00-6C06-4B25-9F18-C70657F3B640}"
EndProject
Project("{2150E333-8FDC-42A3-9474-1A3956D46DE8}") = "ScreenShots", "ScreenShots", "{6A9BD678-E6B5-487F-A9D5-EF0FD03BD70F}"
	ProjectSection(SolutionItems) = preProject
		TabITemOpenSilver.png = TabITemOpenSilver.png
		TabITemSilverlight.png = TabITemSilverlight.png
	EndProjectSection
EndProject
Global
	GlobalSection(SolutionConfigurationPlatforms) = preSolution
		Debug|Any CPU = Debug|Any CPU
		Release|Any CPU = Release|Any CPU
	EndGlobalSection
	GlobalSection(ProjectConfigurationPlatforms) = postSolution
		{33100C94-4639-4AEC-B6D9-F289C559BBA2}.Debug|Any CPU.ActiveCfg = Debug|Any CPU
		{33100C94-4639-4AEC-B6D9-F289C559BBA2}.Debug|Any CPU.Build.0 = Debug|Any CPU
		{33100C94-4639-4AEC-B6D9-F289C559BBA2}.Release|Any CPU.ActiveCfg = Release|Any CPU
		{33100C94-4639-4AEC-B6D9-F289C559BBA2}.Release|Any CPU.Build.0 = Release|Any CPU
		{EAE96C4F-3813-4339-AD5B-D4676382ABFB}.Debug|Any CPU.ActiveCfg = Debug|Any CPU
		{EAE96C4F-3813-4339-AD5B-D4676382ABFB}.Debug|Any CPU.Build.0 = Debug|Any CPU
		{EAE96C4F-3813-4339-AD5B-D4676382ABFB}.Release|Any CPU.ActiveCfg = Release|Any CPU
		{EAE96C4F-3813-4339-AD5B-D4676382ABFB}.Release|Any CPU.Build.0 = Release|Any CPU
		{A89D1C00-6C06-4B25-9F18-C70657F3B640}.Debug|Any CPU.ActiveCfg = Debug|Any CPU
		{A89D1C00-6C06-4B25-9F18-C70657F3B640}.Debug|Any CPU.Build.0 = Debug|Any CPU
		{A89D1C00-6C06-4B25-9F18-C70657F3B640}.Release|Any CPU.ActiveCfg = Release|Any CPU
		{A89D1C00-6C06-4B25-9F18-C70657F3B640}.Release|Any CPU.Build.0 = Release|Any CPU
	EndGlobalSection
	GlobalSection(SolutionProperties) = preSolution
		HideSolutionNode = FALSE
	EndGlobalSection
	GlobalSection(ExtensibilityGlobals) = postSolution
		SolutionGuid = {9136AB04-7B32-4344-A39C-C3B946376FB5}
	EndGlobalSection
EndGlobal
