
Microsoft Visual Studio Solution File, Format Version 12.00
# Visual Studio 14
VisualStudioVersion = 14.0.25420.1
MinimumVisualStudioVersion = 10.0.40219.1
Project("{FAE04EC0-301F-11D3-BF4B-00C04F79EFBC}") = "Style_DataContext_Binding", "Style_DataContext_Binding\Style_DataContext_Binding.csproj", "{33100C94-4639-4AEC-B6D9-F289C559BBA2}"
EndProject
Project("{FAE04EC0-301F-11D3-BF4B-00C04F79EFBC}") = "Style_DataContext_Binding.Web", "Style_DataContext_Binding.Web\Style_DataContext_Binding.Web.csproj", "{EA419964-C820-4BA4-BB50-3B132C0300D8}"
EndProject
Global
	GlobalSection(SolutionConfigurationPlatforms) = preSolution
		Debug|Any CPU = Debug|Any CPU
		Release|Any CPU = Release|Any CPU
	EndGlobalSection
	GlobalSection(ProjectConfigurationPlatforms) = postSolution
		{33100C94-4639-4AEC-B6D9-F289C559BBA2}.Debug|Any CPU.ActiveCfg = Debug|Any CPU
		{33100C94-4639-4AEC-B6D9-F289C559BBA2}.Debug|Any CPU.Build.0 = Debug|Any CPU
		{33100C94-4639-4AEC-B6D9-F289C559BBA2}.Release|Any CPU.ActiveCfg = Release|Any CPU
		{33100C94-4639-4AEC-B6D9-F289C559BBA2}.Release|Any CPU.Build.0 = Release|Any CPU
		{EA419964-C820-4BA4-BB50-3B132C0300D8}.Debug|Any CPU.ActiveCfg = Debug|Any CPU
		{EA419964-C820-4BA4-BB50-3B132C0300D8}.Debug|Any CPU.Build.0 = Debug|Any CPU
		{EA419964-C820-4BA4-BB50-3B132C0300D8}.Release|Any CPU.ActiveCfg = Release|Any CPU
		{EA419964-C820-4BA4-BB50-3B132C0300D8}.Release|Any CPU.Build.0 = Release|Any CPU
	EndGlobalSection
	GlobalSection(SolutionProperties) = preSolution
		HideSolutionNode = FALSE
	EndGlobalSection
EndGlobal
